{
  "name": "node-red-contrib-removehtmlfrom-watson-conversation",
  "version": "0.0.1",
  "lockfileVersion": 1,
  "dependencies": {
    "emoji-regex": {
      "version": "6.4.2",
      "resolved": "https://registry.npmjs.org/emoji-regex/-/emoji-regex-6.4.2.tgz",
      "integrity": "sha1-owtv7jU9QG2Wz7n6dlvcgol+/24="
    },
    "emoji-replace": {
      "version": "1.0.1",
      "resolved": "https://registry.npmjs.org/emoji-replace/-/emoji-replace-1.0.1.tgz",
      "integrity": "sha1-PMT/mJSv2UdSUpbfe6mICn2N5L8="
    },
    "emoji-strip": {
      "version": "1.0.1",
      "resolved": "https://registry.npmjs.org/emoji-strip/-/emoji-strip-1.0.1.tgz",
      "integrity": "sha1-z5OQU1BEEhiIQgrk20NtA6bMRZ0="
    },
    "emojilib": {
      "version": "2.2.3",
      "resolved": "https://registry.npmjs.org/emojilib/-/emojilib-2.2.3.tgz",
      "integrity": "sha1-8je36+v+8XZoQLGERkEkOAsqEpA="
    },
    "emoticon-parser": {
      "version": "0.0.1",
      "resolved": "https://registry.npmjs.org/emoticon-parser/-/emoticon-parser-0.0.1.tgz",
      "integrity": "sha1-0Gh5ScjVgHuiCxJ3kqJ2GsHvxnI="
    },
    "lodash": {
      "version": "4.17.4",
      "resolved": "https://registry.npmjs.org/lodash/-/lodash-4.17.4.tgz",
      "integrity": "sha1-eCA6TRwyiuHYbcpkYONptX9AVa4="
    }
  }
}
